
Microsoft Visual Studio Solution File, Format Version 12.00
# Visual Studio Version 17
VisualStudioVersion = 17.13.35931.197 d17.13
MinimumVisualStudioVersion = 10.0.40219.1
Project("{FAE04EC0-301F-11D3-BF4B-00C04F79EFBC}") = "02_Construtores", "02_Construtores.csproj", "{682F06F6-196C-487A-AB70-2AEA3143488A}"
EndProject
Global
	GlobalSection(SolutionConfigurationPlatforms) = preSolution
		Debug|Any CPU = Debug|Any CPU
		Release|Any CPU = Release|Any CPU
	EndGlobalSection
	GlobalSection(ProjectConfigurationPlatforms) = postSolution
		{682F06F6-196C-487A-AB70-2AEA3143488A}.Debug|Any CPU.ActiveCfg = Debug|Any CPU
		{682F06F6-196C-487A-AB70-2AEA3143488A}.Debug|Any CPU.Build.0 = Debug|Any CPU
		{682F06F6-196C-487A-AB70-2AEA3143488A}.Release|Any CPU.ActiveCfg = Release|Any CPU
		{682F06F6-196C-487A-AB70-2AEA3143488A}.Release|Any CPU.Build.0 = Release|Any CPU
	EndGlobalSection
	GlobalSection(SolutionProperties) = preSolution
		HideSolutionNode = FALSE
	EndGlobalSection
	GlobalSection(ExtensibilityGlobals) = postSolution
		SolutionGuid = {52AB97CD-E649-4C7B-84EB-263C6018D749}
	EndGlobalSection
EndGlobal
