
Microsoft Visual Studio Solution File, Format Version 12.00
# Visual Studio Version 17
VisualStudioVersion = 17.13.35931.197 d17.13
MinimumVisualStudioVersion = 10.0.40219.1
Project("{FAE04EC0-301F-11D3-BF4B-00C04F79EFBC}") = "05_PropriedadesAposNet9", "05_PropriedadesAposNet9.csproj", "{7FD66BC8-7F81-44CC-971D-20B9FFBFBE4A}"
EndProject
Global
	GlobalSection(SolutionConfigurationPlatforms) = preSolution
		Debug|Any CPU = Debug|Any CPU
		Release|Any CPU = Release|Any CPU
	EndGlobalSection
	GlobalSection(ProjectConfigurationPlatforms) = postSolution
		{7FD66BC8-7F81-44CC-971D-20B9FFBFBE4A}.Debug|Any CPU.ActiveCfg = Debug|Any CPU
		{7FD66BC8-7F81-44CC-971D-20B9FFBFBE4A}.Debug|Any CPU.Build.0 = Debug|Any CPU
		{7FD66BC8-7F81-44CC-971D-20B9FFBFBE4A}.Release|Any CPU.ActiveCfg = Release|Any CPU
		{7FD66BC8-7F81-44CC-971D-20B9FFBFBE4A}.Release|Any CPU.Build.0 = Release|Any CPU
	EndGlobalSection
	GlobalSection(SolutionProperties) = preSolution
		HideSolutionNode = FALSE
	EndGlobalSection
	GlobalSection(ExtensibilityGlobals) = postSolution
		SolutionGuid = {FF36C236-17DB-4B18-A78B-B870CD745E84}
	EndGlobalSection
EndGlobal
