
Microsoft Visual Studio Solution File, Format Version 12.00
# Visual Studio Version 17
VisualStudioVersion = 17.13.35931.197 d17.13
MinimumVisualStudioVersion = 10.0.40219.1
Project("{FAE04EC0-301F-11D3-BF4B-00C04F79EFBC}") = "13_colecaoPilha", "13_colecaoPilha.csproj", "{C56C1B80-DF22-4CB4-B01D-9422F513D34C}"
EndProject
Global
	GlobalSection(SolutionConfigurationPlatforms) = preSolution
		Debug|Any CPU = Debug|Any CPU
		Release|Any CPU = Release|Any CPU
	EndGlobalSection
	GlobalSection(ProjectConfigurationPlatforms) = postSolution
		{C56C1B80-DF22-4CB4-B01D-9422F513D34C}.Debug|Any CPU.ActiveCfg = Debug|Any CPU
		{C56C1B80-DF22-4CB4-B01D-9422F513D34C}.Debug|Any CPU.Build.0 = Debug|Any CPU
		{C56C1B80-DF22-4CB4-B01D-9422F513D34C}.Release|Any CPU.ActiveCfg = Release|Any CPU
		{C56C1B80-DF22-4CB4-B01D-9422F513D34C}.Release|Any CPU.Build.0 = Release|Any CPU
	EndGlobalSection
	GlobalSection(SolutionProperties) = preSolution
		HideSolutionNode = FALSE
	EndGlobalSection
	GlobalSection(ExtensibilityGlobals) = postSolution
		SolutionGuid = {D217501F-9F6F-4CEE-A1E0-6CAB516C7A87}
	EndGlobalSection
EndGlobal
